
Microsoft Visual Studio Solution File, Format Version 12.00
# Visual Studio Version 17
VisualStudioVersion = 17.8.34408.163
MinimumVisualStudioVersion = 10.0.40219.1
Project("{FAE04EC0-301F-11D3-BF4B-00C04F79EFBC}") = "AmnPardaz.Api", "AmnPardaz.Api\AmnPardaz.Api.csproj", "{B95B4E2A-34BE-4378-BC43-49F2770E793E}"
EndProject
Project("{FAE04EC0-301F-11D3-BF4B-00C04F79EFBC}") = "AmnPardaz.App", "AmnPardaz.App\AmnPardaz.App.csproj", "{F694DB5A-F26E-44EB-884B-2F564C8AFF47}"
EndProject
Project("{FAE04EC0-301F-11D3-BF4B-00C04F79EFBC}") = "AmnPardaz.Domain", "AmnPardaz.Domain\AmnPardaz.Domain.csproj", "{059CC5AF-6610-45E4-9259-67436A0F3351}"
EndProject
Project("{FAE04EC0-301F-11D3-BF4B-00C04F79EFBC}") = "AmnPardaz.Core", "AmnPardaz.Core\AmnPardaz.Core.csproj", "{64173D88-5853-41C0-AAF8-3B02B70DF54B}"
EndProject
Global
	GlobalSection(SolutionConfigurationPlatforms) = preSolution
		Debug|Any CPU = Debug|Any CPU
		Release|Any CPU = Release|Any CPU
	EndGlobalSection
	GlobalSection(ProjectConfigurationPlatforms) = postSolution
		{B95B4E2A-34BE-4378-BC43-49F2770E793E}.Debug|Any CPU.ActiveCfg = Debug|Any CPU
		{B95B4E2A-34BE-4378-BC43-49F2770E793E}.Debug|Any CPU.Build.0 = Debug|Any CPU
		{B95B4E2A-34BE-4378-BC43-49F2770E793E}.Release|Any CPU.ActiveCfg = Release|Any CPU
		{B95B4E2A-34BE-4378-BC43-49F2770E793E}.Release|Any CPU.Build.0 = Release|Any CPU
		{F694DB5A-F26E-44EB-884B-2F564C8AFF47}.Debug|Any CPU.ActiveCfg = Debug|Any CPU
		{F694DB5A-F26E-44EB-884B-2F564C8AFF47}.Debug|Any CPU.Build.0 = Debug|Any CPU
		{F694DB5A-F26E-44EB-884B-2F564C8AFF47}.Release|Any CPU.ActiveCfg = Release|Any CPU
		{F694DB5A-F26E-44EB-884B-2F564C8AFF47}.Release|Any CPU.Build.0 = Release|Any CPU
		{059CC5AF-6610-45E4-9259-67436A0F3351}.Debug|Any CPU.ActiveCfg = Debug|Any CPU
		{059CC5AF-6610-45E4-9259-67436A0F3351}.Debug|Any CPU.Build.0 = Debug|Any CPU
		{059CC5AF-6610-45E4-9259-67436A0F3351}.Release|Any CPU.ActiveCfg = Release|Any CPU
		{059CC5AF-6610-45E4-9259-67436A0F3351}.Release|Any CPU.Build.0 = Release|Any CPU
		{64173D88-5853-41C0-AAF8-3B02B70DF54B}.Debug|Any CPU.ActiveCfg = Debug|Any CPU
		{64173D88-5853-41C0-AAF8-3B02B70DF54B}.Debug|Any CPU.Build.0 = Debug|Any CPU
		{64173D88-5853-41C0-AAF8-3B02B70DF54B}.Release|Any CPU.ActiveCfg = Release|Any CPU
		{64173D88-5853-41C0-AAF8-3B02B70DF54B}.Release|Any CPU.Build.0 = Release|Any CPU
	EndGlobalSection
	GlobalSection(SolutionProperties) = preSolution
		HideSolutionNode = FALSE
	EndGlobalSection
	GlobalSection(ExtensibilityGlobals) = postSolution
		SolutionGuid = {4A2957B0-6EAF-4280-8C4A-44AE8BBF01C4}
	EndGlobalSection
EndGlobal
